
Microsoft Visual Studio Solution File, Format Version 12.00
# Visual Studio Version 17
VisualStudioVersion = 17.11.35303.130
MinimumVisualStudioVersion = 10.0.40219.1
Project("{2150E333-8FDC-42A3-9474-1A3956D46DE8}") = "Task0", "Task0", "{FBBBB44C-D849-4666-9F41-CF71E34B49D9}"
EndProject
Project("{FAE04EC0-301F-11D3-BF4B-00C04F79EFBC}") = "Tyuiu.BondarevTK.Sprint2.Task0.V2.Test", "Tyuiu.BondarevTK.Sprint2.Task0.V2.Test\Tyuiu.BondarevTK.Sprint2.Task0.V2.Test.csproj", "{E452A784-339B-4D21-9D74-DF670CB64D7A}"
EndProject
Project("{FAE04EC0-301F-11D3-BF4B-00C04F79EFBC}") = "Tyuiu.BondarevTK.Sprint2.Task0.V2.Lib", "Tyuiu.BondarevTK.Sprint2.Task0.V2.Lib\Tyuiu.BondarevTK.Sprint2.Task0.V2.Lib.csproj", "{2F470E55-8C54-4218-B2BC-BD186DE07A6E}"
EndProject
Project("{FAE04EC0-301F-11D3-BF4B-00C04F79EFBC}") = "Tyuiu.BondarevTK.Sprint2.Task0.V2", "Tyuiu.BondarevTK.Sprint2.Task0.V2\Tyuiu.BondarevTK.Sprint2.Task0.V2.csproj", "{65B93DED-C292-4B13-B465-470DC7E0033B}"
EndProject
Project("{2150E333-8FDC-42A3-9474-1A3956D46DE8}") = "Task1", "Task1", "{EC877B63-37C5-4451-8E26-685041D0A1F7}"
EndProject
Project("{FAE04EC0-301F-11D3-BF4B-00C04F79EFBC}") = "Tyuiu.BondarevTK.Sprint2.Task1.V17", "Tyuiu.BondarevTK.Sprint2.Task1.V17\Tyuiu.BondarevTK.Sprint2.Task1.V17.csproj", "{DBACF754-EEE9-4780-ADF5-2063AAA64864}"
EndProject
Project("{FAE04EC0-301F-11D3-BF4B-00C04F79EFBC}") = "Tyuiu.BondarevTK.Sprint2.Task1.V17.Lib", "Tyuiu.BondarevTK.Sprint2.Task1.V17.Lib\Tyuiu.BondarevTK.Sprint2.Task1.V17.Lib.csproj", "{CBA794B1-E193-4A1D-AFAF-46CCFFCD22F3}"
EndProject
Project("{FAE04EC0-301F-11D3-BF4B-00C04F79EFBC}") = "Tyuiu.BondarevTK.Sprint2.Task1.V17.Test", "Tyuiu.BondarevTK.Sprint2.Task1.V17.Test\Tyuiu.BondarevTK.Sprint2.Task1.V17.Test.csproj", "{2D7942FC-C143-4C2F-96B6-A51F6118581D}"
EndProject
Project("{2150E333-8FDC-42A3-9474-1A3956D46DE8}") = "Task2", "Task2", "{C79EB2AE-1AC3-46B0-859F-092C00CF5C21}"
EndProject
Project("{FAE04EC0-301F-11D3-BF4B-00C04F79EFBC}") = "Tyuiu.BondarevTK.Sprint2.Task2.V16", "Tyuiu.BondarevTK.Sprint2.Task2.V16\Tyuiu.BondarevTK.Sprint2.Task2.V16.csproj", "{1052D950-054D-4AB7-AC39-08ED27B5747C}"
EndProject
Project("{FAE04EC0-301F-11D3-BF4B-00C04F79EFBC}") = "Tyuiu.BondarevTK.Sprint2.Task2.V16.Test", "Tyuiu.BondarevTK.Sprint2.Task2.V16.Test\Tyuiu.BondarevTK.Sprint2.Task2.V16.Test.csproj", "{BA544D97-EFFA-40DC-90E5-2889FBC76043}"
EndProject
Project("{FAE04EC0-301F-11D3-BF4B-00C04F79EFBC}") = "Tyuiu.BondarevTK.Sprint2.Task2.V16.Lib", "Tyuiu.BondarevTK.Sprint2.Task2.V16.Lib\Tyuiu.BondarevTK.Sprint2.Task2.V16.Lib.csproj", "{E525264E-2072-47A5-9B5F-D63B1D878E9A}"
EndProject
Project("{2150E333-8FDC-42A3-9474-1A3956D46DE8}") = "Task3", "Task3", "{4C47B1BA-6A25-4BE4-BB5D-DAE453376CF8}"
EndProject
Project("{FAE04EC0-301F-11D3-BF4B-00C04F79EFBC}") = "Tyuiu.BondarevTK.Sprint2.Task3.V27", "Tyuiu.BondarevTK.Sprint2.Task3.V27\Tyuiu.BondarevTK.Sprint2.Task3.V27.csproj", "{CECB1E99-F148-4DBE-ABF6-29F3F8C3B4AE}"
EndProject
Project("{FAE04EC0-301F-11D3-BF4B-00C04F79EFBC}") = "Tyuiu.BondarevTK.Sprint2.Task3.V27.Lib", "Tyuiu.BondarevTK.Sprint2.Task3.V27.Lib\Tyuiu.BondarevTK.Sprint2.Task3.V27.Lib.csproj", "{AABC461F-F760-46D4-A788-3A2310D54639}"
EndProject
Project("{FAE04EC0-301F-11D3-BF4B-00C04F79EFBC}") = "Tyuiu.BondarevTK.Sprint2.Task3.V27.Test", "Tyuiu.BondarevTK.Sprint2.Task3.V27.Test\Tyuiu.BondarevTK.Sprint2.Task3.V27.Test.csproj", "{7897B1A0-40E6-4571-AABB-31C7645FA304}"
EndProject
Project("{2150E333-8FDC-42A3-9474-1A3956D46DE8}") = "Task4", "Task4", "{814BC168-E4EC-4757-93BA-E2A21B5E204E}"
EndProject
Project("{FAE04EC0-301F-11D3-BF4B-00C04F79EFBC}") = "Tyuiu.BondarevTK.Sprint2.Task4.V21", "Tyuiu.BondarevTK.Sprint2.Task4.V21\Tyuiu.BondarevTK.Sprint2.Task4.V21.csproj", "{45794CCE-0994-4AE1-83CF-FA0E61CD5695}"
EndProject
Project("{FAE04EC0-301F-11D3-BF4B-00C04F79EFBC}") = "Tyuiu.BondarevTK.Sprint2.Task4.V21.Test", "Tyuiu.BondarevTK.Sprint2.Task4.V21.Test\Tyuiu.BondarevTK.Sprint2.Task4.V21.Test.csproj", "{4117E2A2-49C9-47D3-8079-0F3BBAAA18E1}"
EndProject
Project("{FAE04EC0-301F-11D3-BF4B-00C04F79EFBC}") = "Tyuiu.BondarevTK.Sprint2.Task4.V21.Lib", "Tyuiu.BondarevTK.Sprint2.Task4.V21.Lib\Tyuiu.BondarevTK.Sprint2.Task4.V21.Lib.csproj", "{4832DE33-4533-42D3-BD90-B42A034C1537}"
EndProject
Project("{2150E333-8FDC-42A3-9474-1A3956D46DE8}") = "Task5", "Task5", "{0BCAAED9-C158-4594-985C-CE960803EE93}"
EndProject
Project("{FAE04EC0-301F-11D3-BF4B-00C04F79EFBC}") = "Tyuiu.BondarevTK.Sprint2.Task5.V7", "Tyuiu.BondarevTK.Sprint2.Task5.V7\Tyuiu.BondarevTK.Sprint2.Task5.V7.csproj", "{7C668B4A-A06E-4320-A0E6-76A2AA9077B5}"
EndProject
Project("{FAE04EC0-301F-11D3-BF4B-00C04F79EFBC}") = "Tyuiu.BondarevTK.Sprint2.Task5.V7.Lib", "Tyuiu.BondarevTK.Sprint2.Task5.V7.Lib\Tyuiu.BondarevTK.Sprint2.Task5.V7.Lib.csproj", "{DB7FBB18-662F-44C1-861C-EB5775093E68}"
EndProject
Project("{FAE04EC0-301F-11D3-BF4B-00C04F79EFBC}") = "Tyuiu.BondarevTK.Sprint2.Task5.V7.Test", "Tyuiu.BondarevTK.Sprint2.Task5.V7.Test\Tyuiu.BondarevTK.Sprint2.Task5.V7.Test.csproj", "{1626ACB3-A41C-484A-8350-9511B962DB68}"
EndProject
Project("{2150E333-8FDC-42A3-9474-1A3956D46DE8}") = "Task6", "Task6", "{E982374D-1559-43BC-97B0-94F1A4AD356C}"
EndProject
Project("{FAE04EC0-301F-11D3-BF4B-00C04F79EFBC}") = "Tyuiu.BondarevTK.Sprint2.Task6.V13", "Tyuiu.BondarevTK.Sprint2.Task6.V13\Tyuiu.BondarevTK.Sprint2.Task6.V13.csproj", "{7F21D2BE-FDCD-4B10-86DB-B325C450049F}"
EndProject
Project("{FAE04EC0-301F-11D3-BF4B-00C04F79EFBC}") = "Tyuiu.BondarevTK.Sprint2.Task6.V13.Lib", "Tyuiu.BondarevTK.Sprint2.Task6.V13.Lib\Tyuiu.BondarevTK.Sprint2.Task6.V13.Lib.csproj", "{C00E31A8-E70D-470E-A201-29655BED2B62}"
EndProject
Project("{FAE04EC0-301F-11D3-BF4B-00C04F79EFBC}") = "Tyuiu.BondarevTK.Sprint2.Task6.V13.Test", "Tyuiu.BondarevTK.Sprint2.Task6.V13.Test\Tyuiu.BondarevTK.Sprint2.Task6.V13.Test.csproj", "{F275F5B9-66D1-408A-8DE0-040826EE1973}"
EndProject
Global
	GlobalSection(SolutionConfigurationPlatforms) = preSolution
		Debug|Any CPU = Debug|Any CPU
		Release|Any CPU = Release|Any CPU
	EndGlobalSection
	GlobalSection(ProjectConfigurationPlatforms) = postSolution
		{E452A784-339B-4D21-9D74-DF670CB64D7A}.Debug|Any CPU.ActiveCfg = Debug|Any CPU
		{E452A784-339B-4D21-9D74-DF670CB64D7A}.Debug|Any CPU.Build.0 = Debug|Any CPU
		{E452A784-339B-4D21-9D74-DF670CB64D7A}.Release|Any CPU.ActiveCfg = Release|Any CPU
		{E452A784-339B-4D21-9D74-DF670CB64D7A}.Release|Any CPU.Build.0 = Release|Any CPU
		{2F470E55-8C54-4218-B2BC-BD186DE07A6E}.Debug|Any CPU.ActiveCfg = Debug|Any CPU
		{2F470E55-8C54-4218-B2BC-BD186DE07A6E}.Debug|Any CPU.Build.0 = Debug|Any CPU
		{2F470E55-8C54-4218-B2BC-BD186DE07A6E}.Release|Any CPU.ActiveCfg = Release|Any CPU
		{2F470E55-8C54-4218-B2BC-BD186DE07A6E}.Release|Any CPU.Build.0 = Release|Any CPU
		{65B93DED-C292-4B13-B465-470DC7E0033B}.Debug|Any CPU.ActiveCfg = Debug|Any CPU
		{65B93DED-C292-4B13-B465-470DC7E0033B}.Debug|Any CPU.Build.0 = Debug|Any CPU
		{65B93DED-C292-4B13-B465-470DC7E0033B}.Release|Any CPU.ActiveCfg = Release|Any CPU
		{65B93DED-C292-4B13-B465-470DC7E0033B}.Release|Any CPU.Build.0 = Release|Any CPU
		{DBACF754-EEE9-4780-ADF5-2063AAA64864}.Debug|Any CPU.ActiveCfg = Debug|Any CPU
		{DBACF754-EEE9-4780-ADF5-2063AAA64864}.Debug|Any CPU.Build.0 = Debug|Any CPU
		{DBACF754-EEE9-4780-ADF5-2063AAA64864}.Release|Any CPU.ActiveCfg = Release|Any CPU
		{DBACF754-EEE9-4780-ADF5-2063AAA64864}.Release|Any CPU.Build.0 = Release|Any CPU
		{CBA794B1-E193-4A1D-AFAF-46CCFFCD22F3}.Debug|Any CPU.ActiveCfg = Debug|Any CPU
		{CBA794B1-E193-4A1D-AFAF-46CCFFCD22F3}.Debug|Any CPU.Build.0 = Debug|Any CPU
		{CBA794B1-E193-4A1D-AFAF-46CCFFCD22F3}.Release|Any CPU.ActiveCfg = Release|Any CPU
		{CBA794B1-E193-4A1D-AFAF-46CCFFCD22F3}.Release|Any CPU.Build.0 = Release|Any CPU
		{2D7942FC-C143-4C2F-96B6-A51F6118581D}.Debug|Any CPU.ActiveCfg = Debug|Any CPU
		{2D7942FC-C143-4C2F-96B6-A51F6118581D}.Debug|Any CPU.Build.0 = Debug|Any CPU
		{2D7942FC-C143-4C2F-96B6-A51F6118581D}.Release|Any CPU.ActiveCfg = Release|Any CPU
		{2D7942FC-C143-4C2F-96B6-A51F6118581D}.Release|Any CPU.Build.0 = Release|Any CPU
		{1052D950-054D-4AB7-AC39-08ED27B5747C}.Debug|Any CPU.ActiveCfg = Debug|Any CPU
		{1052D950-054D-4AB7-AC39-08ED27B5747C}.Debug|Any CPU.Build.0 = Debug|Any CPU
		{1052D950-054D-4AB7-AC39-08ED27B5747C}.Release|Any CPU.ActiveCfg = Release|Any CPU
		{1052D950-054D-4AB7-AC39-08ED27B5747C}.Release|Any CPU.Build.0 = Release|Any CPU
		{BA544D97-EFFA-40DC-90E5-2889FBC76043}.Debug|Any CPU.ActiveCfg = Debug|Any CPU
		{BA544D97-EFFA-40DC-90E5-2889FBC76043}.Debug|Any CPU.Build.0 = Debug|Any CPU
		{BA544D97-EFFA-40DC-90E5-2889FBC76043}.Release|Any CPU.ActiveCfg = Release|Any CPU
		{BA544D97-EFFA-40DC-90E5-2889FBC76043}.Release|Any CPU.Build.0 = Release|Any CPU
		{E525264E-2072-47A5-9B5F-D63B1D878E9A}.Debug|Any CPU.ActiveCfg = Debug|Any CPU
		{E525264E-2072-47A5-9B5F-D63B1D878E9A}.Debug|Any CPU.Build.0 = Debug|Any CPU
		{E525264E-2072-47A5-9B5F-D63B1D878E9A}.Release|Any CPU.ActiveCfg = Release|Any CPU
		{E525264E-2072-47A5-9B5F-D63B1D878E9A}.Release|Any CPU.Build.0 = Release|Any CPU
		{CECB1E99-F148-4DBE-ABF6-29F3F8C3B4AE}.Debug|Any CPU.ActiveCfg = Debug|Any CPU
		{CECB1E99-F148-4DBE-ABF6-29F3F8C3B4AE}.Debug|Any CPU.Build.0 = Debug|Any CPU
		{CECB1E99-F148-4DBE-ABF6-29F3F8C3B4AE}.Release|Any CPU.ActiveCfg = Release|Any CPU
		{CECB1E99-F148-4DBE-ABF6-29F3F8C3B4AE}.Release|Any CPU.Build.0 = Release|Any CPU
		{AABC461F-F760-46D4-A788-3A2310D54639}.Debug|Any CPU.ActiveCfg = Debug|Any CPU
		{AABC461F-F760-46D4-A788-3A2310D54639}.Debug|Any CPU.Build.0 = Debug|Any CPU
		{AABC461F-F760-46D4-A788-3A2310D54639}.Release|Any CPU.ActiveCfg = Release|Any CPU
		{AABC461F-F760-46D4-A788-3A2310D54639}.Release|Any CPU.Build.0 = Release|Any CPU
		{7897B1A0-40E6-4571-AABB-31C7645FA304}.Debug|Any CPU.ActiveCfg = Debug|Any CPU
		{7897B1A0-40E6-4571-AABB-31C7645FA304}.Debug|Any CPU.Build.0 = Debug|Any CPU
		{7897B1A0-40E6-4571-AABB-31C7645FA304}.Release|Any CPU.ActiveCfg = Release|Any CPU
		{7897B1A0-40E6-4571-AABB-31C7645FA304}.Release|Any CPU.Build.0 = Release|Any CPU
		{45794CCE-0994-4AE1-83CF-FA0E61CD5695}.Debug|Any CPU.ActiveCfg = Debug|Any CPU
		{45794CCE-0994-4AE1-83CF-FA0E61CD5695}.Debug|Any CPU.Build.0 = Debug|Any CPU
		{45794CCE-0994-4AE1-83CF-FA0E61CD5695}.Release|Any CPU.ActiveCfg = Release|Any CPU
		{45794CCE-0994-4AE1-83CF-FA0E61CD5695}.Release|Any CPU.Build.0 = Release|Any CPU
		{4117E2A2-49C9-47D3-8079-0F3BBAAA18E1}.Debug|Any CPU.ActiveCfg = Debug|Any CPU
		{4117E2A2-49C9-47D3-8079-0F3BBAAA18E1}.Debug|Any CPU.Build.0 = Debug|Any CPU
		{4117E2A2-49C9-47D3-8079-0F3BBAAA18E1}.Release|Any CPU.ActiveCfg = Release|Any CPU
		{4117E2A2-49C9-47D3-8079-0F3BBAAA18E1}.Release|Any CPU.Build.0 = Release|Any CPU
		{4832DE33-4533-42D3-BD90-B42A034C1537}.Debug|Any CPU.ActiveCfg = Debug|Any CPU
		{4832DE33-4533-42D3-BD90-B42A034C1537}.Debug|Any CPU.Build.0 = Debug|Any CPU
		{4832DE33-4533-42D3-BD90-B42A034C1537}.Release|Any CPU.ActiveCfg = Release|Any CPU
		{4832DE33-4533-42D3-BD90-B42A034C1537}.Release|Any CPU.Build.0 = Release|Any CPU
		{7C668B4A-A06E-4320-A0E6-76A2AA9077B5}.Debug|Any CPU.ActiveCfg = Debug|Any CPU
		{7C668B4A-A06E-4320-A0E6-76A2AA9077B5}.Debug|Any CPU.Build.0 = Debug|Any CPU
		{7C668B4A-A06E-4320-A0E6-76A2AA9077B5}.Release|Any CPU.ActiveCfg = Release|Any CPU
		{7C668B4A-A06E-4320-A0E6-76A2AA9077B5}.Release|Any CPU.Build.0 = Release|Any CPU
		{DB7FBB18-662F-44C1-861C-EB5775093E68}.Debug|Any CPU.ActiveCfg = Debug|Any CPU
		{DB7FBB18-662F-44C1-861C-EB5775093E68}.Debug|Any CPU.Build.0 = Debug|Any CPU
		{DB7FBB18-662F-44C1-861C-EB5775093E68}.Release|Any CPU.ActiveCfg = Release|Any CPU
		{DB7FBB18-662F-44C1-861C-EB5775093E68}.Release|Any CPU.Build.0 = Release|Any CPU
		{1626ACB3-A41C-484A-8350-9511B962DB68}.Debug|Any CPU.ActiveCfg = Debug|Any CPU
		{1626ACB3-A41C-484A-8350-9511B962DB68}.Debug|Any CPU.Build.0 = Debug|Any CPU
		{1626ACB3-A41C-484A-8350-9511B962DB68}.Release|Any CPU.ActiveCfg = Release|Any CPU
		{1626ACB3-A41C-484A-8350-9511B962DB68}.Release|Any CPU.Build.0 = Release|Any CPU
		{7F21D2BE-FDCD-4B10-86DB-B325C450049F}.Debug|Any CPU.ActiveCfg = Debug|Any CPU
		{7F21D2BE-FDCD-4B10-86DB-B325C450049F}.Debug|Any CPU.Build.0 = Debug|Any CPU
		{7F21D2BE-FDCD-4B10-86DB-B325C450049F}.Release|Any CPU.ActiveCfg = Release|Any CPU
		{7F21D2BE-FDCD-4B10-86DB-B325C450049F}.Release|Any CPU.Build.0 = Release|Any CPU
		{C00E31A8-E70D-470E-A201-29655BED2B62}.Debug|Any CPU.ActiveCfg = Debug|Any CPU
		{C00E31A8-E70D-470E-A201-29655BED2B62}.Debug|Any CPU.Build.0 = Debug|Any CPU
		{C00E31A8-E70D-470E-A201-29655BED2B62}.Release|Any CPU.ActiveCfg = Release|Any CPU
		{C00E31A8-E70D-470E-A201-29655BED2B62}.Release|Any CPU.Build.0 = Release|Any CPU
		{F275F5B9-66D1-408A-8DE0-040826EE1973}.Debug|Any CPU.ActiveCfg = Debug|Any CPU
		{F275F5B9-66D1-408A-8DE0-040826EE1973}.Debug|Any CPU.Build.0 = Debug|Any CPU
		{F275F5B9-66D1-408A-8DE0-040826EE1973}.Release|Any CPU.ActiveCfg = Release|Any CPU
		{F275F5B9-66D1-408A-8DE0-040826EE1973}.Release|Any CPU.Build.0 = Release|Any CPU
	EndGlobalSection
	GlobalSection(SolutionProperties) = preSolution
		HideSolutionNode = FALSE
	EndGlobalSection
	GlobalSection(NestedProjects) = preSolution
		{E452A784-339B-4D21-9D74-DF670CB64D7A} = {FBBBB44C-D849-4666-9F41-CF71E34B49D9}
		{2F470E55-8C54-4218-B2BC-BD186DE07A6E} = {FBBBB44C-D849-4666-9F41-CF71E34B49D9}
		{65B93DED-C292-4B13-B465-470DC7E0033B} = {FBBBB44C-D849-4666-9F41-CF71E34B49D9}
		{DBACF754-EEE9-4780-ADF5-2063AAA64864} = {EC877B63-37C5-4451-8E26-685041D0A1F7}
		{CBA794B1-E193-4A1D-AFAF-46CCFFCD22F3} = {EC877B63-37C5-4451-8E26-685041D0A1F7}
		{2D7942FC-C143-4C2F-96B6-A51F6118581D} = {EC877B63-37C5-4451-8E26-685041D0A1F7}
		{1052D950-054D-4AB7-AC39-08ED27B5747C} = {C79EB2AE-1AC3-46B0-859F-092C00CF5C21}
		{BA544D97-EFFA-40DC-90E5-2889FBC76043} = {C79EB2AE-1AC3-46B0-859F-092C00CF5C21}
		{E525264E-2072-47A5-9B5F-D63B1D878E9A} = {C79EB2AE-1AC3-46B0-859F-092C00CF5C21}
		{CECB1E99-F148-4DBE-ABF6-29F3F8C3B4AE} = {4C47B1BA-6A25-4BE4-BB5D-DAE453376CF8}
		{AABC461F-F760-46D4-A788-3A2310D54639} = {4C47B1BA-6A25-4BE4-BB5D-DAE453376CF8}
		{7897B1A0-40E6-4571-AABB-31C7645FA304} = {4C47B1BA-6A25-4BE4-BB5D-DAE453376CF8}
		{45794CCE-0994-4AE1-83CF-FA0E61CD5695} = {814BC168-E4EC-4757-93BA-E2A21B5E204E}
		{4117E2A2-49C9-47D3-8079-0F3BBAAA18E1} = {814BC168-E4EC-4757-93BA-E2A21B5E204E}
		{4832DE33-4533-42D3-BD90-B42A034C1537} = {814BC168-E4EC-4757-93BA-E2A21B5E204E}
		{7C668B4A-A06E-4320-A0E6-76A2AA9077B5} = {0BCAAED9-C158-4594-985C-CE960803EE93}
		{DB7FBB18-662F-44C1-861C-EB5775093E68} = {0BCAAED9-C158-4594-985C-CE960803EE93}
		{1626ACB3-A41C-484A-8350-9511B962DB68} = {0BCAAED9-C158-4594-985C-CE960803EE93}
		{7F21D2BE-FDCD-4B10-86DB-B325C450049F} = {E982374D-1559-43BC-97B0-94F1A4AD356C}
		{C00E31A8-E70D-470E-A201-29655BED2B62} = {E982374D-1559-43BC-97B0-94F1A4AD356C}
		{F275F5B9-66D1-408A-8DE0-040826EE1973} = {E982374D-1559-43BC-97B0-94F1A4AD356C}
	EndGlobalSection
	GlobalSection(ExtensibilityGlobals) = postSolution
		SolutionGuid = {8FD96172-A4BA-4275-84FE-3A7AFB7C9FE3}
	EndGlobalSection
EndGlobal
